
Microsoft Visual Studio Solution File, Format Version 12.00
# Visual Studio 15
VisualStudioVersion = 15.0.27703.2042
MinimumVisualStudioVersion = 10.0.40219.1
Project("{8BC9CEB8-8B4A-11D0-8D11-00A0C91BC942}") = "Day19", "Day19\Day19.vcxproj", "{697E416F-0176-4958-9186-07D98E3A2E1E}"
EndProject
Global
	GlobalSection(SolutionConfigurationPlatforms) = preSolution
		Debug|x64 = Debug|x64
		Debug|x86 = Debug|x86
		Release|x64 = Release|x64
		Release|x86 = Release|x86
	EndGlobalSection
	GlobalSection(ProjectConfigurationPlatforms) = postSolution
		{697E416F-0176-4958-9186-07D98E3A2E1E}.Debug|x64.ActiveCfg = Debug|x64
		{697E416F-0176-4958-9186-07D98E3A2E1E}.Debug|x64.Build.0 = Debug|x64
		{697E416F-0176-4958-9186-07D98E3A2E1E}.Debug|x86.ActiveCfg = Debug|Win32
		{697E416F-0176-4958-9186-07D98E3A2E1E}.Debug|x86.Build.0 = Debug|Win32
		{697E416F-0176-4958-9186-07D98E3A2E1E}.Release|x64.ActiveCfg = Release|x64
		{697E416F-0176-4958-9186-07D98E3A2E1E}.Release|x64.Build.0 = Release|x64
		{697E416F-0176-4958-9186-07D98E3A2E1E}.Release|x86.ActiveCfg = Release|Win32
		{697E416F-0176-4958-9186-07D98E3A2E1E}.Release|x86.Build.0 = Release|Win32
	EndGlobalSection
	GlobalSection(SolutionProperties) = preSolution
		HideSolutionNode = FALSE
	EndGlobalSection
	GlobalSection(ExtensibilityGlobals) = postSolution
		SolutionGuid = {E3B08BCD-E55E-40ED-BA02-FCF9D7193D57}
	EndGlobalSection
EndGlobal
