
Microsoft Visual Studio Solution File, Format Version 12.00
# Visual Studio 15
VisualStudioVersion = 15.0.27703.2035
MinimumVisualStudioVersion = 10.0.40219.1
Project("{8BC9CEB8-8B4A-11D0-8D11-00A0C91BC942}") = "exam01", "exam01\exam01.vcxproj", "{DCC5BBB4-ED35-427D-9C4A-EECD42A2E35A}"
EndProject
Project("{8BC9CEB8-8B4A-11D0-8D11-00A0C91BC942}") = "exam02", "exam02\exam02.vcxproj", "{FBC59C54-E412-4985-B18A-194FF4B35D28}"
EndProject
Project("{8BC9CEB8-8B4A-11D0-8D11-00A0C91BC942}") = "exam03", "exam03\exam03.vcxproj", "{4E23A8AB-634C-4220-AA21-B156B643DC03}"
EndProject
Project("{8BC9CEB8-8B4A-11D0-8D11-00A0C91BC942}") = "exam05", "exam05\exam05.vcxproj", "{BB0BCB72-8407-47C2-8CDB-DDC8EE87E998}"
EndProject
Project("{8BC9CEB8-8B4A-11D0-8D11-00A0C91BC942}") = "exam06", "exam06\exam06.vcxproj", "{AD8D7E6A-89CB-45BC-B830-C25B77A8EFC9}"
EndProject
Project("{8BC9CEB8-8B4A-11D0-8D11-00A0C91BC942}") = "exam04", "exam04\exam04.vcxproj", "{B274B898-0D23-44F0-98A6-C1660D190A50}"
EndProject
Project("{8BC9CEB8-8B4A-11D0-8D11-00A0C91BC942}") = "exam07", "exam07\exam07.vcxproj", "{4E2E88D6-0ADE-49AE-9329-A301CF9D644D}"
EndProject
Project("{8BC9CEB8-8B4A-11D0-8D11-00A0C91BC942}") = "exam08", "exam08\exam08.vcxproj", "{94AC32E5-C855-4181-99FB-A4CB0EB215B8}"
EndProject
Project("{8BC9CEB8-8B4A-11D0-8D11-00A0C91BC942}") = "exam09", "exam09\exam09.vcxproj", "{3E4D09AF-A97F-40F4-8B6A-9A01437901C0}"
EndProject
Project("{8BC9CEB8-8B4A-11D0-8D11-00A0C91BC942}") = "exam10", "exam10\exam10.vcxproj", "{07F8CC5E-2EDF-499B-BEBE-BB2DFBEBCF41}"
EndProject
Project("{8BC9CEB8-8B4A-11D0-8D11-00A0C91BC942}") = "exam11", "exam11\exam11.vcxproj", "{7670CEDD-B567-40C1-9273-1B05699DAF31}"
EndProject
Project("{8BC9CEB8-8B4A-11D0-8D11-00A0C91BC942}") = "self", "self\self.vcxproj", "{2CD2D5F8-EBA3-411A-A702-D90A697EC4F9}"
EndProject
Global
	GlobalSection(SolutionConfigurationPlatforms) = preSolution
		Debug|x64 = Debug|x64
		Debug|x86 = Debug|x86
		Release|x64 = Release|x64
		Release|x86 = Release|x86
	EndGlobalSection
	GlobalSection(ProjectConfigurationPlatforms) = postSolution
		{DCC5BBB4-ED35-427D-9C4A-EECD42A2E35A}.Debug|x64.ActiveCfg = Debug|x64
		{DCC5BBB4-ED35-427D-9C4A-EECD42A2E35A}.Debug|x64.Build.0 = Debug|x64
		{DCC5BBB4-ED35-427D-9C4A-EECD42A2E35A}.Debug|x86.ActiveCfg = Debug|Win32
		{DCC5BBB4-ED35-427D-9C4A-EECD42A2E35A}.Debug|x86.Build.0 = Debug|Win32
		{DCC5BBB4-ED35-427D-9C4A-EECD42A2E35A}.Release|x64.ActiveCfg = Release|x64
		{DCC5BBB4-ED35-427D-9C4A-EECD42A2E35A}.Release|x64.Build.0 = Release|x64
		{DCC5BBB4-ED35-427D-9C4A-EECD42A2E35A}.Release|x86.ActiveCfg = Release|Win32
		{DCC5BBB4-ED35-427D-9C4A-EECD42A2E35A}.Release|x86.Build.0 = Release|Win32
		{FBC59C54-E412-4985-B18A-194FF4B35D28}.Debug|x64.ActiveCfg = Debug|x64
		{FBC59C54-E412-4985-B18A-194FF4B35D28}.Debug|x64.Build.0 = Debug|x64
		{FBC59C54-E412-4985-B18A-194FF4B35D28}.Debug|x86.ActiveCfg = Debug|Win32
		{FBC59C54-E412-4985-B18A-194FF4B35D28}.Debug|x86.Build.0 = Debug|Win32
		{FBC59C54-E412-4985-B18A-194FF4B35D28}.Release|x64.ActiveCfg = Release|x64
		{FBC59C54-E412-4985-B18A-194FF4B35D28}.Release|x64.Build.0 = Release|x64
		{FBC59C54-E412-4985-B18A-194FF4B35D28}.Release|x86.ActiveCfg = Release|Win32
		{FBC59C54-E412-4985-B18A-194FF4B35D28}.Release|x86.Build.0 = Release|Win32
		{4E23A8AB-634C-4220-AA21-B156B643DC03}.Debug|x64.ActiveCfg = Debug|x64
		{4E23A8AB-634C-4220-AA21-B156B643DC03}.Debug|x64.Build.0 = Debug|x64
		{4E23A8AB-634C-4220-AA21-B156B643DC03}.Debug|x86.ActiveCfg = Debug|Win32
		{4E23A8AB-634C-4220-AA21-B156B643DC03}.Debug|x86.Build.0 = Debug|Win32
		{4E23A8AB-634C-4220-AA21-B156B643DC03}.Release|x64.ActiveCfg = Release|x64
		{4E23A8AB-634C-4220-AA21-B156B643DC03}.Release|x64.Build.0 = Release|x64
		{4E23A8AB-634C-4220-AA21-B156B643DC03}.Release|x86.ActiveCfg = Release|Win32
		{4E23A8AB-634C-4220-AA21-B156B643DC03}.Release|x86.Build.0 = Release|Win32
		{BB0BCB72-8407-47C2-8CDB-DDC8EE87E998}.Debug|x64.ActiveCfg = Debug|x64
		{BB0BCB72-8407-47C2-8CDB-DDC8EE87E998}.Debug|x64.Build.0 = Debug|x64
		{BB0BCB72-8407-47C2-8CDB-DDC8EE87E998}.Debug|x86.ActiveCfg = Debug|Win32
		{BB0BCB72-8407-47C2-8CDB-DDC8EE87E998}.Debug|x86.Build.0 = Debug|Win32
		{BB0BCB72-8407-47C2-8CDB-DDC8EE87E998}.Release|x64.ActiveCfg = Release|x64
		{BB0BCB72-8407-47C2-8CDB-DDC8EE87E998}.Release|x64.Build.0 = Release|x64
		{BB0BCB72-8407-47C2-8CDB-DDC8EE87E998}.Release|x86.ActiveCfg = Release|Win32
		{BB0BCB72-8407-47C2-8CDB-DDC8EE87E998}.Release|x86.Build.0 = Release|Win32
		{AD8D7E6A-89CB-45BC-B830-C25B77A8EFC9}.Debug|x64.ActiveCfg = Debug|x64
		{AD8D7E6A-89CB-45BC-B830-C25B77A8EFC9}.Debug|x64.Build.0 = Debug|x64
		{AD8D7E6A-89CB-45BC-B830-C25B77A8EFC9}.Debug|x86.ActiveCfg = Debug|Win32
		{AD8D7E6A-89CB-45BC-B830-C25B77A8EFC9}.Debug|x86.Build.0 = Debug|Win32
		{AD8D7E6A-89CB-45BC-B830-C25B77A8EFC9}.Release|x64.ActiveCfg = Release|x64
		{AD8D7E6A-89CB-45BC-B830-C25B77A8EFC9}.Release|x64.Build.0 = Release|x64
		{AD8D7E6A-89CB-45BC-B830-C25B77A8EFC9}.Release|x86.ActiveCfg = Release|Win32
		{AD8D7E6A-89CB-45BC-B830-C25B77A8EFC9}.Release|x86.Build.0 = Release|Win32
		{B274B898-0D23-44F0-98A6-C1660D190A50}.Debug|x64.ActiveCfg = Debug|x64
		{B274B898-0D23-44F0-98A6-C1660D190A50}.Debug|x64.Build.0 = Debug|x64
		{B274B898-0D23-44F0-98A6-C1660D190A50}.Debug|x86.ActiveCfg = Debug|Win32
		{B274B898-0D23-44F0-98A6-C1660D190A50}.Debug|x86.Build.0 = Debug|Win32
		{B274B898-0D23-44F0-98A6-C1660D190A50}.Release|x64.ActiveCfg = Release|x64
		{B274B898-0D23-44F0-98A6-C1660D190A50}.Release|x64.Build.0 = Release|x64
		{B274B898-0D23-44F0-98A6-C1660D190A50}.Release|x86.ActiveCfg = Release|Win32
		{B274B898-0D23-44F0-98A6-C1660D190A50}.Release|x86.Build.0 = Release|Win32
		{4E2E88D6-0ADE-49AE-9329-A301CF9D644D}.Debug|x64.ActiveCfg = Debug|x64
		{4E2E88D6-0ADE-49AE-9329-A301CF9D644D}.Debug|x64.Build.0 = Debug|x64
		{4E2E88D6-0ADE-49AE-9329-A301CF9D644D}.Debug|x86.ActiveCfg = Debug|Win32
		{4E2E88D6-0ADE-49AE-9329-A301CF9D644D}.Debug|x86.Build.0 = Debug|Win32
		{4E2E88D6-0ADE-49AE-9329-A301CF9D644D}.Release|x64.ActiveCfg = Release|x64
		{4E2E88D6-0ADE-49AE-9329-A301CF9D644D}.Release|x64.Build.0 = Release|x64
		{4E2E88D6-0ADE-49AE-9329-A301CF9D644D}.Release|x86.ActiveCfg = Release|Win32
		{4E2E88D6-0ADE-49AE-9329-A301CF9D644D}.Release|x86.Build.0 = Release|Win32
		{94AC32E5-C855-4181-99FB-A4CB0EB215B8}.Debug|x64.ActiveCfg = Debug|x64
		{94AC32E5-C855-4181-99FB-A4CB0EB215B8}.Debug|x64.Build.0 = Debug|x64
		{94AC32E5-C855-4181-99FB-A4CB0EB215B8}.Debug|x86.ActiveCfg = Debug|Win32
		{94AC32E5-C855-4181-99FB-A4CB0EB215B8}.Debug|x86.Build.0 = Debug|Win32
		{94AC32E5-C855-4181-99FB-A4CB0EB215B8}.Release|x64.ActiveCfg = Release|x64
		{94AC32E5-C855-4181-99FB-A4CB0EB215B8}.Release|x64.Build.0 = Release|x64
		{94AC32E5-C855-4181-99FB-A4CB0EB215B8}.Release|x86.ActiveCfg = Release|Win32
		{94AC32E5-C855-4181-99FB-A4CB0EB215B8}.Release|x86.Build.0 = Release|Win32
		{3E4D09AF-A97F-40F4-8B6A-9A01437901C0}.Debug|x64.ActiveCfg = Debug|x64
		{3E4D09AF-A97F-40F4-8B6A-9A01437901C0}.Debug|x64.Build.0 = Debug|x64
		{3E4D09AF-A97F-40F4-8B6A-9A01437901C0}.Debug|x86.ActiveCfg = Debug|Win32
		{3E4D09AF-A97F-40F4-8B6A-9A01437901C0}.Debug|x86.Build.0 = Debug|Win32
		{3E4D09AF-A97F-40F4-8B6A-9A01437901C0}.Release|x64.ActiveCfg = Release|x64
		{3E4D09AF-A97F-40F4-8B6A-9A01437901C0}.Release|x64.Build.0 = Release|x64
		{3E4D09AF-A97F-40F4-8B6A-9A01437901C0}.Release|x86.ActiveCfg = Release|Win32
		{3E4D09AF-A97F-40F4-8B6A-9A01437901C0}.Release|x86.Build.0 = Release|Win32
		{07F8CC5E-2EDF-499B-BEBE-BB2DFBEBCF41}.Debug|x64.ActiveCfg = Debug|x64
		{07F8CC5E-2EDF-499B-BEBE-BB2DFBEBCF41}.Debug|x64.Build.0 = Debug|x64
		{07F8CC5E-2EDF-499B-BEBE-BB2DFBEBCF41}.Debug|x86.ActiveCfg = Debug|Win32
		{07F8CC5E-2EDF-499B-BEBE-BB2DFBEBCF41}.Debug|x86.Build.0 = Debug|Win32
		{07F8CC5E-2EDF-499B-BEBE-BB2DFBEBCF41}.Release|x64.ActiveCfg = Release|x64
		{07F8CC5E-2EDF-499B-BEBE-BB2DFBEBCF41}.Release|x64.Build.0 = Release|x64
		{07F8CC5E-2EDF-499B-BEBE-BB2DFBEBCF41}.Release|x86.ActiveCfg = Release|Win32
		{07F8CC5E-2EDF-499B-BEBE-BB2DFBEBCF41}.Release|x86.Build.0 = Release|Win32
		{7670CEDD-B567-40C1-9273-1B05699DAF31}.Debug|x64.ActiveCfg = Debug|x64
		{7670CEDD-B567-40C1-9273-1B05699DAF31}.Debug|x64.Build.0 = Debug|x64
		{7670CEDD-B567-40C1-9273-1B05699DAF31}.Debug|x86.ActiveCfg = Debug|Win32
		{7670CEDD-B567-40C1-9273-1B05699DAF31}.Debug|x86.Build.0 = Debug|Win32
		{7670CEDD-B567-40C1-9273-1B05699DAF31}.Release|x64.ActiveCfg = Release|x64
		{7670CEDD-B567-40C1-9273-1B05699DAF31}.Release|x64.Build.0 = Release|x64
		{7670CEDD-B567-40C1-9273-1B05699DAF31}.Release|x86.ActiveCfg = Release|Win32
		{7670CEDD-B567-40C1-9273-1B05699DAF31}.Release|x86.Build.0 = Release|Win32
		{2CD2D5F8-EBA3-411A-A702-D90A697EC4F9}.Debug|x64.ActiveCfg = Debug|x64
		{2CD2D5F8-EBA3-411A-A702-D90A697EC4F9}.Debug|x64.Build.0 = Debug|x64
		{2CD2D5F8-EBA3-411A-A702-D90A697EC4F9}.Debug|x86.ActiveCfg = Debug|Win32
		{2CD2D5F8-EBA3-411A-A702-D90A697EC4F9}.Debug|x86.Build.0 = Debug|Win32
		{2CD2D5F8-EBA3-411A-A702-D90A697EC4F9}.Release|x64.ActiveCfg = Release|x64
		{2CD2D5F8-EBA3-411A-A702-D90A697EC4F9}.Release|x64.Build.0 = Release|x64
		{2CD2D5F8-EBA3-411A-A702-D90A697EC4F9}.Release|x86.ActiveCfg = Release|Win32
		{2CD2D5F8-EBA3-411A-A702-D90A697EC4F9}.Release|x86.Build.0 = Release|Win32
	EndGlobalSection
	GlobalSection(SolutionProperties) = preSolution
		HideSolutionNode = FALSE
	EndGlobalSection
	GlobalSection(ExtensibilityGlobals) = postSolution
		SolutionGuid = {07D425DA-5D8C-441B-B41D-6109F576F14D}
	EndGlobalSection
EndGlobal
